
Microsoft Visual Studio Solution File, Format Version 12.00
# Visual Studio Version 16
VisualStudioVersion = 16.0.29424.173
MinimumVisualStudioVersion = 10.0.40219.1
Project("{8BC9CEB8-8B4A-11D0-8D11-00A0C91BC942}") = "ITC lab 13", "ITC lab 13\ITC lab 13.vcxproj", "{511E5710-3A82-4BE8-B309-3AABAB6ED7DF}"
EndProject
Global
	GlobalSection(SolutionConfigurationPlatforms) = preSolution
		Debug|x64 = Debug|x64
		Debug|x86 = Debug|x86
		Release|x64 = Release|x64
		Release|x86 = Release|x86
	EndGlobalSection
	GlobalSection(ProjectConfigurationPlatforms) = postSolution
		{511E5710-3A82-4BE8-B309-3AABAB6ED7DF}.Debug|x64.ActiveCfg = Debug|x64
		{511E5710-3A82-4BE8-B309-3AABAB6ED7DF}.Debug|x64.Build.0 = Debug|x64
		{511E5710-3A82-4BE8-B309-3AABAB6ED7DF}.Debug|x86.ActiveCfg = Debug|Win32
		{511E5710-3A82-4BE8-B309-3AABAB6ED7DF}.Debug|x86.Build.0 = Debug|Win32
		{511E5710-3A82-4BE8-B309-3AABAB6ED7DF}.Release|x64.ActiveCfg = Release|x64
		{511E5710-3A82-4BE8-B309-3AABAB6ED7DF}.Release|x64.Build.0 = Release|x64
		{511E5710-3A82-4BE8-B309-3AABAB6ED7DF}.Release|x86.ActiveCfg = Release|Win32
		{511E5710-3A82-4BE8-B309-3AABAB6ED7DF}.Release|x86.Build.0 = Release|Win32
	EndGlobalSection
	GlobalSection(SolutionProperties) = preSolution
		HideSolutionNode = FALSE
	EndGlobalSection
	GlobalSection(ExtensibilityGlobals) = postSolution
		SolutionGuid = {F5668D2F-016C-4868-9A07-F7004DBAB17D}
	EndGlobalSection
EndGlobal
